{
  "name": "product seeker",
  "version": "1.0.0",
  "lockfileVersion": 1,
  "requires": true,
  "dependencies": {
    "image-clipper": {
      "version": "0.4.4",
      "resolved": "https://registry.npmjs.org/image-clipper/-/image-clipper-0.4.4.tgz",
      "integrity": "sha512-ukiEzCwRES9mrlrp16kRCIx0HGfa3C4LXUR9grf0ueyk06cU1WDpBiu2lwvSf+HvUOTG7uFXSZKf0b9bIsO81A=="
    }
  }
}
